# THIS IS AN AUTOGENERATED FILE. DO NOT EDIT THIS FILE DIRECTLY.
# yarn lockfile v1


"@types/node-fetch@^2.6.2":
  version "2.6.11"
  resolved "https://registry.yarnpkg.com/@types/node-fetch/-/node-fetch-2.6.11.tgz#9b39b78665dae0e82a08f02f4967d62c66f95d24"
  integrity sha512-24xFj9R5+rfQJLRyM56qh+wnVSYhyXC2tkoBndtY0U+vubqNsYXGjufB2nn8Q6gt0LrARwL6UBtMCSVCwl4B1g==
  dependencies:
    "@types/node" "*"
    form-data "^4.0.0"

"@types/node@*":
  version "22.5.5"
  resolved "https://registry.yarnpkg.com/@types/node/-/node-22.5.5.tgz#52f939dd0f65fc552a4ad0b392f3c466cc5d7a44"
  integrity sha512-Xjs4y5UPO/CLdzpgR6GirZJx36yScjh73+2NlLlkFRSoQN8B0DpfXPdZGnvVmLRLOsqDpOfTNv7D9trgGhmOIA==
  dependencies:
    undici-types "~6.19.2"

"@types/ws@^8.5.3":
  version "8.5.12"
  resolved "https://registry.yarnpkg.com/@types/ws/-/ws-8.5.12.tgz#619475fe98f35ccca2a2f6c137702d85ec247b7e"
  integrity sha512-3tPRkv1EtkDpzlgyKyI8pGsGZAGPEaXeu0DOj5DI25Ja91bdAYddYHbADRYVrZMRbfW+1l5YwXVDKohDJNQxkQ==
  dependencies:
    "@types/node" "*"

asynckit@^0.4.0:
  version "0.4.0"
  resolved "https://registry.yarnpkg.com/asynckit/-/asynckit-0.4.0.tgz#c79ed97f7f34cb8f2ba1bc9790bcc366474b4b79"
  integrity sha512-Oei9OH4tRh0YqU3GxhX79dM/mwVgvbZJaSNaRk+bshkj0S5cfHcgYakreBjrHwatXKbz+IoIdYLxrKim2MjW0Q==

check-update-github@^0.0.4:
  version "0.0.4"
  resolved "https://registry.yarnpkg.com/check-update-github/-/check-update-github-0.0.4.tgz#447caf0f3927c5a7ae765b513d3d6b812639dc3e"
  integrity sha512-zbWq0J2mg5uSDOZvAMXhe+RSG8UDOWEKiqAtaupK4WRksLAXooI1lNeRgrsRTREFwRrKiPYg9j/6gM4ycOmcYw==
  dependencies:
    colors "^1.0.3"
    got "^2.2.0"

colors@^1.0.3:
  version "1.4.0"
  resolved "https://registry.yarnpkg.com/colors/-/colors-1.4.0.tgz#c50491479d4c1bdaed2c9ced32cf7c7dc2360f78"
  integrity sha512-a+UqTh4kgZg/SlGvfbzDHpgRu7AAQOmmqRHJnxhRZICKFUT91brVhNNt58CMWU9PsBbv3PDCZUHbVxuDiH2mtA==

combined-stream@^1.0.8:
  version "1.0.8"
  resolved "https://registry.yarnpkg.com/combined-stream/-/combined-stream-1.0.8.tgz#c3d45a8b34fd730631a110a8a2520682b31d5a7f"
  integrity sha512-FQN4MRfuJeHf7cBbBMJFXhKSDq+2kAArBlmRBvcvFE5BB1HZKXtSFASDhdlz9zOYwxh8lDdnvmMOe/+5cdoEdg==
  dependencies:
    delayed-stream "~1.0.0"

core-util-is@~1.0.0:
  version "1.0.3"
  resolved "https://registry.yarnpkg.com/core-util-is/-/core-util-is-1.0.3.tgz#a6042d3634c2b27e9328f837b965fac83808db85"
  integrity sha512-ZQBvi1DcpJ4GDqanjucZ2Hj3wEO5pZDS89BWbkcrvdxksJorwUDDZamX9ldFkp9aw2lmBDLgkObEA4DWNJ9FYQ==

delayed-stream@~1.0.0:
  version "1.0.0"
  resolved "https://registry.yarnpkg.com/delayed-stream/-/delayed-stream-1.0.0.tgz#df3ae199acadfb7d440aaae0b29e2272b24ec619"
  integrity sha512-ZySD7Nf91aLB0RxL4KGrKHBXl7Eds1DAmEdcoVawXnLD7SDhpNgtuII2aAkg7a7QS41jxPSZ17p4VdGnMHk3MQ==

duplexify@^3.2.0:
  version "3.7.1"
  resolved "https://registry.yarnpkg.com/duplexify/-/duplexify-3.7.1.tgz#2a4df5317f6ccfd91f86d6fd25d8d8a103b88309"
  integrity sha512-07z8uv2wMyS51kKhD1KsdXJg5WQ6t93RneqRxUHnskXVtlYYkLqM0gqStQZ3pj073g687jPCHrqNfCzawLYh5g==
  dependencies:
    end-of-stream "^1.0.0"
    inherits "^2.0.1"
    readable-stream "^2.0.0"
    stream-shift "^1.0.0"

end-of-stream@^1.0.0:
  version "1.4.4"
  resolved "https://registry.yarnpkg.com/end-of-stream/-/end-of-stream-1.4.4.tgz#5ae64a5f45057baf3626ec14da0ca5e4b2431eb0"
  integrity sha512-+uw1inIHVPQoaVuHzRyXd21icM+cnt4CzD5rW+NC1wjOUSTOs+Te7FOv7AhN7vS9x/oIyhLP5PR1H+phQAHu5Q==
  dependencies:
    once "^1.4.0"

form-data@^4.0.0:
  version "4.0.0"
  resolved "https://registry.yarnpkg.com/form-data/-/form-data-4.0.0.tgz#93919daeaf361ee529584b9b31664dc12c9fa452"
  integrity sha512-ETEklSGi5t0QMZuiXoA/Q6vcnxcLQP5vdugSpuAyi6SVGi2clPPp+xgEhuMaHC+zGgn31Kd235W35f7Hykkaww==
  dependencies:
    asynckit "^0.4.0"
    combined-stream "^1.0.8"
    mime-types "^2.1.12"

got@^2.2.0:
  version "2.9.2"
  resolved "https://registry.yarnpkg.com/got/-/got-2.9.2.tgz#2e1ee58ea1e8d201e25ae580b96e63c15fefd4ee"
  integrity sha512-Pejk/grjYhoAT4MiiWpg4/tXpzEjoY684TTDVMQigjidJUSIcsqDVlNmJ+uEZyq8aMfHzJmc0JkZ66FqiI6lLw==
  dependencies:
    duplexify "^3.2.0"
    infinity-agent "^2.0.0"
    is-stream "^1.0.0"
    lowercase-keys "^1.0.0"
    nested-error-stacks "^1.0.0"
    object-assign "^2.0.0"
    prepend-http "^1.0.0"
    read-all-stream "^2.0.0"
    statuses "^1.2.1"
    timed-out "^2.0.0"

infinity-agent@^2.0.0:
  version "2.0.3"
  resolved "https://registry.yarnpkg.com/infinity-agent/-/infinity-agent-2.0.3.tgz#45e0e2ff7a9eb030b27d62b74b3744b7a7ac4216"
  integrity sha512-CnfUJe5o2S9aAQWXGMhDZI4UL39MAJV3guOTfHHIdos4tuVHkl1j/J+1XLQn+CLIvqcpgQR/p+xXYXzcrhCe5w==

inherits@^2.0.1, inherits@~2.0.1, inherits@~2.0.3:
  version "2.0.4"
  resolved "https://registry.yarnpkg.com/inherits/-/inherits-2.0.4.tgz#0fa2c64f932917c3433a0ded55363aae37416b7c"
  integrity sha512-k/vGaX4/Yla3WzyMCvTQOXYeIHvqOKtnqBduzTHpzpQZzAskKMhZ2K+EnBiSM9zGSoIFeMpXKxa4dYeZIQqewQ==

is-stream@^1.0.0:
  version "1.1.0"
  resolved "https://registry.yarnpkg.com/is-stream/-/is-stream-1.1.0.tgz#12d4a3dd4e68e0b79ceb8dbc84173ae80d91ca44"
  integrity sha512-uQPm8kcs47jx38atAcWTVxyltQYoPT68y9aWYdV6yWXSyW8mzSat0TL6CiWdZeCdF3KrAvpVtnHbTv4RN+rqdQ==

isarray@~1.0.0:
  version "1.0.0"
  resolved "https://registry.yarnpkg.com/isarray/-/isarray-1.0.0.tgz#bb935d48582cba168c06834957a54a3e07124f11"
  integrity sha512-VLghIWNM6ELQzo7zwmcg0NmTVyWKYjvIeM83yjp0wRDTmUnrM678fQbcKBo6n2CJEF0szoG//ytg+TKla89ALQ==

league-connect@^6.0.0-rc13:
  version "6.0.0-rc13"
  resolved "https://registry.yarnpkg.com/league-connect/-/league-connect-6.0.0-rc13.tgz#f4d557901d8a4060ebc060a49a0e65f5ec9ab42b"
  integrity sha512-zs6aPgM18BHyy30+lHFtI1YFxpcjKxloTMhAmQub4Lw+5O4ySlKvUfSBm1J6o8BRX93bEW310kbokIkEJlrAYQ==
  dependencies:
    "@types/node-fetch" "^2.6.2"
    "@types/ws" "^8.5.3"
    node-fetch "^2.6.7"
    ws "^8.8.1"

lowercase-keys@^1.0.0:
  version "1.0.1"
  resolved "https://registry.yarnpkg.com/lowercase-keys/-/lowercase-keys-1.0.1.tgz#6f9e30b47084d971a7c820ff15a6c5167b74c26f"
  integrity sha512-G2Lj61tXDnVFFOi8VZds+SoQjtQC3dgokKdDG2mTm1tx4m50NUHBOZSBwQQHyy0V12A0JTG4icfZQH+xPyh8VA==

mime-db@1.52.0:
  version "1.52.0"
  resolved "https://registry.yarnpkg.com/mime-db/-/mime-db-1.52.0.tgz#bbabcdc02859f4987301c856e3387ce5ec43bf70"
  integrity sha512-sPU4uV7dYlvtWJxwwxHD0PuihVNiE7TyAbQ5SWxDCB9mUYvOgroQOwYQQOKPJ8CIbE+1ETVlOoK1UC2nU3gYvg==

mime-types@^2.1.12:
  version "2.1.35"
  resolved "https://registry.yarnpkg.com/mime-types/-/mime-types-2.1.35.tgz#381a871b62a734450660ae3deee44813f70d959a"
  integrity sha512-ZDY+bPm5zTTF+YpCrAU9nK0UgICYPT0QtT1NZWFv4s++TNkcgVaT0g6+4R2uI4MjQjzysHB1zxuWL50hzaeXiw==
  dependencies:
    mime-db "1.52.0"

nested-error-stacks@^1.0.0:
  version "1.0.2"
  resolved "https://registry.yarnpkg.com/nested-error-stacks/-/nested-error-stacks-1.0.2.tgz#19f619591519f096769a5ba9a86e6eeec823c3cf"
  integrity sha512-o32anp9JA7oezPOFSfG2BBXSdHepOm5FpJvwxHWDtfJ3Bg3xdi68S6ijPlEOfUg6quxZWyvJM+8fHk1yMDKspA==
  dependencies:
    inherits "~2.0.1"

node-fetch@^2.6.7:
  version "2.7.0"
  resolved "https://registry.yarnpkg.com/node-fetch/-/node-fetch-2.7.0.tgz#d0f0fa6e3e2dc1d27efcd8ad99d550bda94d187d"
  integrity sha512-c4FRfUm/dbcWZ7U+1Wq0AwCyFL+3nt2bEw05wfxSz+DWpWsitgmSgYmy2dQdWyKC1694ELPqMs/YzUSNozLt8A==
  dependencies:
    whatwg-url "^5.0.0"

object-assign@^2.0.0:
  version "2.1.1"
  resolved "https://registry.yarnpkg.com/object-assign/-/object-assign-2.1.1.tgz#43c36e5d569ff8e4816c4efa8be02d26967c18aa"
  integrity sha512-CdsOUYIh5wIiozhJ3rLQgmUTgcyzFwZZrqhkKhODMoGtPKM+wt0h0CNIoauJWMsS9822EdzPsF/6mb4nLvPN5g==

once@^1.4.0:
  version "1.4.0"
  resolved "https://registry.yarnpkg.com/once/-/once-1.4.0.tgz#583b1aa775961d4b113ac17d9c50baef9dd76bd1"
  integrity sha512-lNaJgI+2Q5URQBkccEKHTQOPaXdUxnZZElQTZY0MFUAuaEqe1E+Nyvgdz/aIyNi6Z9MzO5dv1H8n58/GELp3+w==
  dependencies:
    wrappy "1"

prepend-http@^1.0.0:
  version "1.0.4"
  resolved "https://registry.yarnpkg.com/prepend-http/-/prepend-http-1.0.4.tgz#d4f4562b0ce3696e41ac52d0e002e57a635dc6dc"
  integrity sha512-PhmXi5XmoyKw1Un4E+opM2KcsJInDvKyuOumcjjw3waw86ZNjHwVUOOWLc4bCzLdcKNaWBH9e99sbWzDQsVaYg==

process-nextick-args@~2.0.0:
  version "2.0.1"
  resolved "https://registry.yarnpkg.com/process-nextick-args/-/process-nextick-args-2.0.1.tgz#7820d9b16120cc55ca9ae7792680ae7dba6d7fe2"
  integrity sha512-3ouUOpQhtgrbOa17J7+uxOTpITYWaGP7/AhoR3+A+/1e9skrzelGi/dXzEYyvbxubEF6Wn2ypscTKiKJFFn1ag==

read-all-stream@^2.0.0:
  version "2.2.0"
  resolved "https://registry.yarnpkg.com/read-all-stream/-/read-all-stream-2.2.0.tgz#6b83370546c55ab6ade2bf75e83c66e45989bbf0"
  integrity sha512-PAAqWYkeTzJhhhsdePam7KDrO4g9xR0IxfQuP1rU4FMONZedk/fHA8zuRWf37FzxL/3PrrQE/ZgbaRL0RiFOCA==
  dependencies:
    readable-stream "^2.0.0"

readable-stream@^2.0.0:
  version "2.3.8"
  resolved "https://registry.yarnpkg.com/readable-stream/-/readable-stream-2.3.8.tgz#91125e8042bba1b9887f49345f6277027ce8be9b"
  integrity sha512-8p0AUk4XODgIewSi0l8Epjs+EVnWiK7NoDIEGU0HhE7+ZyY8D1IMY7odu5lRrFXGg71L15KG8QrPmum45RTtdA==
  dependencies:
    core-util-is "~1.0.0"
    inherits "~2.0.3"
    isarray "~1.0.0"
    process-nextick-args "~2.0.0"
    safe-buffer "~5.1.1"
    string_decoder "~1.1.1"
    util-deprecate "~1.0.1"

safe-buffer@~5.1.0, safe-buffer@~5.1.1:
  version "5.1.2"
  resolved "https://registry.yarnpkg.com/safe-buffer/-/safe-buffer-5.1.2.tgz#991ec69d296e0313747d59bdfd2b745c35f8828d"
  integrity sha512-Gd2UZBJDkXlY7GbJxfsE8/nvKkUEU1G38c1siN6QP6a9PT9MmHB8GnpscSmMJSoF8LOIrt8ud/wPtojys4G6+g==

statuses@^1.2.1:
  version "1.5.0"
  resolved "https://registry.yarnpkg.com/statuses/-/statuses-1.5.0.tgz#161c7dac177659fd9811f43771fa99381478628c"
  integrity sha512-OpZ3zP+jT1PI7I8nemJX4AKmAX070ZkYPVWV/AaKTJl+tXCTGyVdC1a4SL8RUQYEwk/f34ZX8UTykN68FwrqAA==

stream-shift@^1.0.0:
  version "1.0.3"
  resolved "https://registry.yarnpkg.com/stream-shift/-/stream-shift-1.0.3.tgz#85b8fab4d71010fc3ba8772e8046cc49b8a3864b"
  integrity sha512-76ORR0DO1o1hlKwTbi/DM3EXWGf3ZJYO8cXX5RJwnul2DEg2oyoZyjLNoQM8WsvZiFKCRfC1O0J7iCvie3RZmQ==

string_decoder@~1.1.1:
  version "1.1.1"
  resolved "https://registry.yarnpkg.com/string_decoder/-/string_decoder-1.1.1.tgz#9cf1611ba62685d7030ae9e4ba34149c3af03fc8"
  integrity sha512-n/ShnvDi6FHbbVfviro+WojiFzv+s8MPMHBczVePfUpDJLwoLT0ht1l4YwBCbi8pJAveEEdnkHyPyTP/mzRfwg==
  dependencies:
    safe-buffer "~5.1.0"

timed-out@^2.0.0:
  version "2.0.0"
  resolved "https://registry.yarnpkg.com/timed-out/-/timed-out-2.0.0.tgz#f38b0ae81d3747d628001f41dafc652ace671c0a"
  integrity sha512-pqqJOi1rF5zNs/ps4vmbE4SFCrM4iR7LW+GHAsHqO/EumqbIWceioevYLM5xZRgQSH6gFgL9J/uB7EcJhQ9niQ==

tr46@~0.0.3:
  version "0.0.3"
  resolved "https://registry.yarnpkg.com/tr46/-/tr46-0.0.3.tgz#8184fd347dac9cdc185992f3a6622e14b9d9ab6a"
  integrity sha512-N3WMsuqV66lT30CrXNbEjx4GEwlow3v6rr4mCcv6prnfwhS01rkgyFdjPNBYd9br7LpXV1+Emh01fHnq2Gdgrw==

undici-types@~6.19.2:
  version "6.19.8"
  resolved "https://registry.yarnpkg.com/undici-types/-/undici-types-6.19.8.tgz#35111c9d1437ab83a7cdc0abae2f26d88eda0a02"
  integrity sha512-ve2KP6f/JnbPBFyobGHuerC9g1FYGn/F8n1LWTwNxCEzd6IfqTwUQcNXgEtmmQ6DlRrC1hrSrBnCZPokRrDHjw==

util-deprecate@~1.0.1:
  version "1.0.2"
  resolved "https://registry.yarnpkg.com/util-deprecate/-/util-deprecate-1.0.2.tgz#450d4dc9fa70de732762fbd2d4a28981419a0ccf"
  integrity sha512-EPD5q1uXyFxJpCrLnCc1nHnq3gOa6DZBocAIiI2TaSCA7VCJ1UJDMagCzIkXNsUYfD1daK//LTEQ8xiIbrHtcw==

webidl-conversions@^3.0.0:
  version "3.0.1"
  resolved "https://registry.yarnpkg.com/webidl-conversions/-/webidl-conversions-3.0.1.tgz#24534275e2a7bc6be7bc86611cc16ae0a5654871"
  integrity sha512-2JAn3z8AR6rjK8Sm8orRC0h/bcl/DqL7tRPdGZ4I1CjdF+EaMLmYxBHyXuKL849eucPFhvBoxMsflfOb8kxaeQ==

whatwg-url@^5.0.0:
  version "5.0.0"
  resolved "https://registry.yarnpkg.com/whatwg-url/-/whatwg-url-5.0.0.tgz#966454e8765462e37644d3626f6742ce8b70965d"
  integrity sha512-saE57nupxk6v3HY35+jzBwYa0rKSy0XR8JSxZPwgLr7ys0IBzhGviA1/TUGJLmSVqs8pb9AnvICXEuOHLprYTw==
  dependencies:
    tr46 "~0.0.3"
    webidl-conversions "^3.0.0"

wrappy@1:
  version "1.0.2"
  resolved "https://registry.yarnpkg.com/wrappy/-/wrappy-1.0.2.tgz#b5243d8f3ec1aa35f1364605bc0d1036e30ab69f"
  integrity sha512-l4Sp/DRseor9wL6EvV2+TuQn63dMkPjZ/sp9XkghTEbV9KlPS1xUsZ3u7/IQO4wxtcFB4bgpQPRcR3QCvezPcQ==

ws@^8.8.1:
  version "8.18.0"
  resolved "https://registry.yarnpkg.com/ws/-/ws-8.18.0.tgz#0d7505a6eafe2b0e712d232b42279f53bc289bbc"
  integrity sha512-8VbfWfHLbbwu3+N6OKsOMpBdT4kXPDDB9cJk2bJ6mh9ucxdlnNvH1e+roYkKmN9Nxw2yjz7VzeO9oOz2zJ04Pw==
